
Microsoft Visual Studio Solution File, Format Version 12.00
# Visual Studio 14
VisualStudioVersion = 14.0.25420.1
MinimumVisualStudioVersion = 10.0.40219.1
Project("{8BC9CEB8-8B4A-11D0-8D11-00A0C91BC942}") = "Papaer_Scissors_Rock", "Papaer_Scissors_Rock\Papaer_Scissors_Rock.vcxproj", "{A48B481A-C1E5-4380-B023-E186063797B1}"
EndProject
Project("{8BC9CEB8-8B4A-11D0-8D11-00A0C91BC942}") = "GameServer", "src\game_server\GameServer.vcxproj", "{701A3BBA-A031-43BF-BD28-097D08B410FA}"
EndProject
Project("{8BC9CEB8-8B4A-11D0-8D11-00A0C91BC942}") = "GameClient", "src\game_client\GameClient.vcxproj", "{212BC234-7CB3-4539-A8AC-C14B4BDE93B0}"
EndProject
Project("{8BC9CEB8-8B4A-11D0-8D11-00A0C91BC942}") = "PSR", "src\PSR\PSR.vcxproj", "{F9EA2A40-CC9E-49CB-BB00-3F5FAA627E07}"
EndProject
Global
	GlobalSection(SolutionConfigurationPlatforms) = preSolution
		Debug|x64 = Debug|x64
		Debug|x86 = Debug|x86
		Release|x64 = Release|x64
		Release|x86 = Release|x86
	EndGlobalSection
	GlobalSection(ProjectConfigurationPlatforms) = postSolution
		{A48B481A-C1E5-4380-B023-E186063797B1}.Debug|x64.ActiveCfg = Debug|x64
		{A48B481A-C1E5-4380-B023-E186063797B1}.Debug|x64.Build.0 = Debug|x64
		{A48B481A-C1E5-4380-B023-E186063797B1}.Debug|x86.ActiveCfg = Debug|Win32
		{A48B481A-C1E5-4380-B023-E186063797B1}.Debug|x86.Build.0 = Debug|Win32
		{A48B481A-C1E5-4380-B023-E186063797B1}.Release|x64.ActiveCfg = Release|x64
		{A48B481A-C1E5-4380-B023-E186063797B1}.Release|x64.Build.0 = Release|x64
		{A48B481A-C1E5-4380-B023-E186063797B1}.Release|x86.ActiveCfg = Release|Win32
		{A48B481A-C1E5-4380-B023-E186063797B1}.Release|x86.Build.0 = Release|Win32
		{701A3BBA-A031-43BF-BD28-097D08B410FA}.Debug|x64.ActiveCfg = Debug|x64
		{701A3BBA-A031-43BF-BD28-097D08B410FA}.Debug|x64.Build.0 = Debug|x64
		{701A3BBA-A031-43BF-BD28-097D08B410FA}.Debug|x86.ActiveCfg = Debug|Win32
		{701A3BBA-A031-43BF-BD28-097D08B410FA}.Debug|x86.Build.0 = Debug|Win32
		{701A3BBA-A031-43BF-BD28-097D08B410FA}.Release|x64.ActiveCfg = Release|x64
		{701A3BBA-A031-43BF-BD28-097D08B410FA}.Release|x64.Build.0 = Release|x64
		{701A3BBA-A031-43BF-BD28-097D08B410FA}.Release|x86.ActiveCfg = Release|Win32
		{701A3BBA-A031-43BF-BD28-097D08B410FA}.Release|x86.Build.0 = Release|Win32
		{212BC234-7CB3-4539-A8AC-C14B4BDE93B0}.Debug|x64.ActiveCfg = Debug|x64
		{212BC234-7CB3-4539-A8AC-C14B4BDE93B0}.Debug|x64.Build.0 = Debug|x64
		{212BC234-7CB3-4539-A8AC-C14B4BDE93B0}.Debug|x86.ActiveCfg = Debug|Win32
		{212BC234-7CB3-4539-A8AC-C14B4BDE93B0}.Debug|x86.Build.0 = Debug|Win32
		{212BC234-7CB3-4539-A8AC-C14B4BDE93B0}.Release|x64.ActiveCfg = Release|x64
		{212BC234-7CB3-4539-A8AC-C14B4BDE93B0}.Release|x64.Build.0 = Release|x64
		{212BC234-7CB3-4539-A8AC-C14B4BDE93B0}.Release|x86.ActiveCfg = Release|Win32
		{212BC234-7CB3-4539-A8AC-C14B4BDE93B0}.Release|x86.Build.0 = Release|Win32
		{F9EA2A40-CC9E-49CB-BB00-3F5FAA627E07}.Debug|x64.ActiveCfg = Debug|x64
		{F9EA2A40-CC9E-49CB-BB00-3F5FAA627E07}.Debug|x64.Build.0 = Debug|x64
		{F9EA2A40-CC9E-49CB-BB00-3F5FAA627E07}.Debug|x86.ActiveCfg = Debug|Win32
		{F9EA2A40-CC9E-49CB-BB00-3F5FAA627E07}.Debug|x86.Build.0 = Debug|Win32
		{F9EA2A40-CC9E-49CB-BB00-3F5FAA627E07}.Release|x64.ActiveCfg = Release|x64
		{F9EA2A40-CC9E-49CB-BB00-3F5FAA627E07}.Release|x64.Build.0 = Release|x64
		{F9EA2A40-CC9E-49CB-BB00-3F5FAA627E07}.Release|x86.ActiveCfg = Release|Win32
		{F9EA2A40-CC9E-49CB-BB00-3F5FAA627E07}.Release|x86.Build.0 = Release|Win32
	EndGlobalSection
	GlobalSection(SolutionProperties) = preSolution
		HideSolutionNode = FALSE
	EndGlobalSection
EndGlobal
